
Microsoft Visual Studio Solution File, Format Version 12.00
# Visual Studio Version 17
VisualStudioVersion = 17.10.34916.146
MinimumVisualStudioVersion = 10.0.40219.1
Project("{9A19103F-16F7-4668-BE54-9A1E7A4F7556}") = "Polis", "TheHouse\Polis.csproj", "{01D5F3E4-673A-43DE-AA2A-A40B85B15D94}"
EndProject
Project("{9A19103F-16F7-4668-BE54-9A1E7A4F7556}") = "Model", "Model\Model.csproj", "{4D6AC64E-1888-4F0A-9195-8362B0A488E8}"
EndProject
Global
	GlobalSection(SolutionConfigurationPlatforms) = preSolution
		Debug|Any CPU = Debug|Any CPU
		Release|Any CPU = Release|Any CPU
	EndGlobalSection
	GlobalSection(ProjectConfigurationPlatforms) = postSolution
		{01D5F3E4-673A-43DE-AA2A-A40B85B15D94}.Debug|Any CPU.ActiveCfg = Debug|Any CPU
		{01D5F3E4-673A-43DE-AA2A-A40B85B15D94}.Debug|Any CPU.Build.0 = Debug|Any CPU
		{01D5F3E4-673A-43DE-AA2A-A40B85B15D94}.Release|Any CPU.ActiveCfg = Release|Any CPU
		{01D5F3E4-673A-43DE-AA2A-A40B85B15D94}.Release|Any CPU.Build.0 = Release|Any CPU
		{4D6AC64E-1888-4F0A-9195-8362B0A488E8}.Debug|Any CPU.ActiveCfg = Debug|Any CPU
		{4D6AC64E-1888-4F0A-9195-8362B0A488E8}.Debug|Any CPU.Build.0 = Debug|Any CPU
		{4D6AC64E-1888-4F0A-9195-8362B0A488E8}.Release|Any CPU.ActiveCfg = Release|Any CPU
		{4D6AC64E-1888-4F0A-9195-8362B0A488E8}.Release|Any CPU.Build.0 = Release|Any CPU
	EndGlobalSection
	GlobalSection(SolutionProperties) = preSolution
		HideSolutionNode = FALSE
	EndGlobalSection
	GlobalSection(ExtensibilityGlobals) = postSolution
		SolutionGuid = {96475711-EB49-4B49-A6F6-B5F3C8F0C978}
	EndGlobalSection
EndGlobal
